<?xml version="1.0" encoding="utf-8"?>
<Project ToolsVersion="4.0" xmlns="http://schemas.microsoft.com/developer/msbuild/2003">
  <ItemGroup>
    <Filter Include="Source Files">
      <UniqueIdentifier>{4cd18d04-b3d2-4e62-bf47-1c1b272b7aa9}</UniqueIdentifier>
      <Extensions>cpp;c;cxx;rc;def;r;odl;idl;hpj;bat</Extensions>
    </Filter>
    <Filter Include="Source Files\Animation">
      <UniqueIdentifier>{2773a2be-683c-40d1-b57b-0bc3b81cddd2}</UniqueIdentifier>
    </Filter>
    <Filter Include="Source Files\File">
      <UniqueIdentifier>{6f08b877-e6da-4c05-a49a-768f4b2dd13f}</UniqueIdentifier>
    </Filter>
    <Filter Include="Source Files\Mesh">
      <UniqueIdentifier>{b1bcd54a-99bf-4428-b568-1933e18e6a41}</UniqueIdentifier>
    </Filter>
    <Filter Include="Source Files\Model">
      <UniqueIdentifier>{a0eac44d-a986-4a7d-b52b-b30ec0ffb0f2}</UniqueIdentifier>
    </Filter>
    <Filter Include="Source Files\VertexTypes">
      <UniqueIdentifier>{9b232cf3-1366-471b-bdd6-b50c488a5019}</UniqueIdentifier>
    </Filter>
    <Filter Include="Source Files\Main">
      <UniqueIdentifier>{499ea008-f604-4828-af38-937142c26339}</UniqueIdentifier>
    </Filter>
    <Filter Include="Resource Files">
      <UniqueIdentifier>{7a4c3bba-6920-43d3-a946-1217d3fe8fb0}</UniqueIdentifier>
      <Extensions>ico;cur;bmp;dlg;rc2;rct;bin;rgs;gif;jpg;jpeg;jpe</Extensions>
    </Filter>
    <Filter Include="Source Files\Console">
      <UniqueIdentifier>{bf429071-6788-470b-9151-df46c662e05c}</UniqueIdentifier>
    </Filter>
    <Filter Include="Source Files\Shader">
      <UniqueIdentifier>{dd400ba8-e91f-4632-9593-fdd1d712288e}</UniqueIdentifier>
    </Filter>
  </ItemGroup>
  <ItemGroup>
    <ClCompile Include="Animation.cpp">
      <Filter>Source Files\Animation</Filter>
    </ClCompile>
    <ClCompile Include="FilePath.cpp">
      <Filter>Source Files\File</Filter>
    </ClCompile>
    <ClCompile Include="Mesh.cpp">
      <Filter>Source Files\Mesh</Filter>
    </ClCompile>
    <ClCompile Include="Model.cpp">
      <Filter>Source Files\Model</Filter>
    </ClCompile>
    <ClCompile Include="VertexTypes.cpp">
      <Filter>Source Files\VertexTypes</Filter>
    </ClCompile>
    <ClCompile Include="Main.cpp">
      <Filter>Source Files\Main</Filter>
    </ClCompile>
    <ClCompile Include="Console.cpp">
      <Filter>Source Files\Console</Filter>
    </ClCompile>
  </ItemGroup>
  <ItemGroup>
    <ClInclude Include="Animation.hpp">
      <Filter>Source Files\Animation</Filter>
    </ClInclude>
    <ClInclude Include="Asset.hpp">
      <Filter>Source Files\Animation</Filter>
    </ClInclude>
    <ClInclude Include="ChunkReader.hpp">
      <Filter>Source Files\File</Filter>
    </ClInclude>
    <ClInclude Include="FileElements.hpp">
      <Filter>Source Files\File</Filter>
    </ClInclude>
    <ClInclude Include="FilePath.h">
      <Filter>Source Files\File</Filter>
    </ClInclude>
    <ClInclude Include="Mesh.hpp">
      <Filter>Source Files\Mesh</Filter>
    </ClInclude>
    <ClInclude Include="Model.hpp">
      <Filter>Source Files\Model</Filter>
    </ClInclude>
    <ClInclude Include="VertexTypes.hpp">
      <Filter>Source Files\VertexTypes</Filter>
    </ClInclude>
    <ClInclude Include="resource.h">
      <Filter>Resource Files</Filter>
    </ClInclude>
    <ClInclude Include="Console.h">
      <Filter>Source Files\Console</Filter>
    </ClInclude>
  </ItemGroup>
  <ItemGroup>
    <None Include="Icon.ico">
      <Filter>Resource Files</Filter>
    </None>
    <None Include="color.fx">
      <Filter>Source Files\Shader</Filter>
    </None>
  </ItemGroup>
  <ItemGroup>
    <ResourceCompile Include="ModelViewer.rc">
      <Filter>Resource Files</Filter>
    </ResourceCompile>
  </ItemGroup>
</Project>